
Microsoft Visual Studio Solution File, Format Version 12.00
# Visual Studio 2013
VisualStudioVersion = 12.0.40629.0
MinimumVisualStudioVersion = 10.0.40219.1
Project("{FAE04EC0-301F-11D3-BF4B-00C04F79EFBC}") = "Utrepau.Models", "Utrepau\Utrepau.Models.csproj", "{03D11881-AFDA-45DB-84AC-B69B3E0777A5}"
EndProject
Project("{FAE04EC0-301F-11D3-BF4B-00C04F79EFBC}") = "Utrepau.Data", "Utrepau.Data\Utrepau.Data.csproj", "{8D09708C-B493-4948-87D6-A2A40DCC3F61}"
EndProject
Project("{FAE04EC0-301F-11D3-BF4B-00C04F79EFBC}") = "Utrepau.Client", "Utrepau.Client\Utrepau.Client.csproj", "{68AC42B8-10B9-4A8F-989F-B8987524B6BC}"
EndProject
Global
	GlobalSection(SolutionConfigurationPlatforms) = preSolution
		Debug|Any CPU = Debug|Any CPU
		Release|Any CPU = Release|Any CPU
	EndGlobalSection
	GlobalSection(ProjectConfigurationPlatforms) = postSolution
		{03D11881-AFDA-45DB-84AC-B69B3E0777A5}.Debug|Any CPU.ActiveCfg = Debug|Any CPU
		{03D11881-AFDA-45DB-84AC-B69B3E0777A5}.Debug|Any CPU.Build.0 = Debug|Any CPU
		{03D11881-AFDA-45DB-84AC-B69B3E0777A5}.Release|Any CPU.ActiveCfg = Release|Any CPU
		{03D11881-AFDA-45DB-84AC-B69B3E0777A5}.Release|Any CPU.Build.0 = Release|Any CPU
		{8D09708C-B493-4948-87D6-A2A40DCC3F61}.Debug|Any CPU.ActiveCfg = Debug|Any CPU
		{8D09708C-B493-4948-87D6-A2A40DCC3F61}.Debug|Any CPU.Build.0 = Debug|Any CPU
		{8D09708C-B493-4948-87D6-A2A40DCC3F61}.Release|Any CPU.ActiveCfg = Release|Any CPU
		{8D09708C-B493-4948-87D6-A2A40DCC3F61}.Release|Any CPU.Build.0 = Release|Any CPU
		{68AC42B8-10B9-4A8F-989F-B8987524B6BC}.Debug|Any CPU.ActiveCfg = Debug|Any CPU
		{68AC42B8-10B9-4A8F-989F-B8987524B6BC}.Debug|Any CPU.Build.0 = Debug|Any CPU
		{68AC42B8-10B9-4A8F-989F-B8987524B6BC}.Release|Any CPU.ActiveCfg = Release|Any CPU
		{68AC42B8-10B9-4A8F-989F-B8987524B6BC}.Release|Any CPU.Build.0 = Release|Any CPU
	EndGlobalSection
	GlobalSection(SolutionProperties) = preSolution
		HideSolutionNode = FALSE
	EndGlobalSection
EndGlobal
